
Microsoft Visual Studio Solution File, Format Version 12.00
# Visual Studio 14
VisualStudioVersion = 14.0.25420.1
MinimumVisualStudioVersion = 10.0.40219.1
Project("{FAE04EC0-301F-11D3-BF4B-00C04F79EFBC}") = "Launcher", "PluginFramework\Launcher\Launcher.csproj", "{B64058C8-5729-45D9-BDD9-93A7E1660721}"
EndProject
Project("{FAE04EC0-301F-11D3-BF4B-00C04F79EFBC}") = "IPlugin", "PluginFramework\IPlugin\IPlugin.csproj", "{A82FCAB3-8B89-45C0-8280-6629ABC7FC7A}"
EndProject
Project("{FAE04EC0-301F-11D3-BF4B-00C04F79EFBC}") = "Host", "PluginFramework\Host\Host.csproj", "{0E140802-24DD-4465-A1DD-A9403A817455}"
EndProject
Project("{2150E333-8FDC-42A3-9474-1A3956D46DE8}") = "PluginFramework", "PluginFramework", "{77DC2062-6AE1-4B88-9CC0-6380A80F33AD}"
EndProject
Project("{FAE04EC0-301F-11D3-BF4B-00C04F79EFBC}") = "HostTests", "PluginFramework\HostTests\HostTests.csproj", "{FE96E356-4F31-49A4-B66D-F7476AD0DC2D}"
EndProject
Project("{2150E333-8FDC-42A3-9474-1A3956D46DE8}") = "TestBenchPlugin", "TestBenchPlugin", "{D83CF127-D708-41FB-B16E-DCD4037CD46F}"
EndProject
Project("{2150E333-8FDC-42A3-9474-1A3956D46DE8}") = "test", "test", "{4F648D05-FF43-41B2-BF13-9DE2C8E8B35D}"
EndProject
Project("{2150E333-8FDC-42A3-9474-1A3956D46DE8}") = "Test", "Test", "{E633E0DD-59B6-42AD-8A8B-3C3DC2D0E85B}"
EndProject
Project("{FAE04EC0-301F-11D3-BF4B-00C04F79EFBC}") = "TestBenchPlugin", "TestBench\TestBenchPlugin\TestBenchPlugin.csproj", "{1874BF1F-29C3-4B84-BFB1-5DAC6DA7A4B6}"
EndProject
Global
	GlobalSection(SolutionConfigurationPlatforms) = preSolution
		Debug|Any CPU = Debug|Any CPU
		Release|Any CPU = Release|Any CPU
	EndGlobalSection
	GlobalSection(ProjectConfigurationPlatforms) = postSolution
		{B64058C8-5729-45D9-BDD9-93A7E1660721}.Debug|Any CPU.ActiveCfg = Debug|Any CPU
		{B64058C8-5729-45D9-BDD9-93A7E1660721}.Debug|Any CPU.Build.0 = Debug|Any CPU
		{B64058C8-5729-45D9-BDD9-93A7E1660721}.Release|Any CPU.ActiveCfg = Release|Any CPU
		{B64058C8-5729-45D9-BDD9-93A7E1660721}.Release|Any CPU.Build.0 = Release|Any CPU
		{A82FCAB3-8B89-45C0-8280-6629ABC7FC7A}.Debug|Any CPU.ActiveCfg = Debug|Any CPU
		{A82FCAB3-8B89-45C0-8280-6629ABC7FC7A}.Debug|Any CPU.Build.0 = Debug|Any CPU
		{A82FCAB3-8B89-45C0-8280-6629ABC7FC7A}.Release|Any CPU.ActiveCfg = Release|Any CPU
		{A82FCAB3-8B89-45C0-8280-6629ABC7FC7A}.Release|Any CPU.Build.0 = Release|Any CPU
		{0E140802-24DD-4465-A1DD-A9403A817455}.Debug|Any CPU.ActiveCfg = Debug|Any CPU
		{0E140802-24DD-4465-A1DD-A9403A817455}.Debug|Any CPU.Build.0 = Debug|Any CPU
		{0E140802-24DD-4465-A1DD-A9403A817455}.Release|Any CPU.ActiveCfg = Release|Any CPU
		{0E140802-24DD-4465-A1DD-A9403A817455}.Release|Any CPU.Build.0 = Release|Any CPU
		{FE96E356-4F31-49A4-B66D-F7476AD0DC2D}.Debug|Any CPU.ActiveCfg = Debug|Any CPU
		{FE96E356-4F31-49A4-B66D-F7476AD0DC2D}.Debug|Any CPU.Build.0 = Debug|Any CPU
		{FE96E356-4F31-49A4-B66D-F7476AD0DC2D}.Release|Any CPU.ActiveCfg = Release|Any CPU
		{FE96E356-4F31-49A4-B66D-F7476AD0DC2D}.Release|Any CPU.Build.0 = Release|Any CPU
		{1874BF1F-29C3-4B84-BFB1-5DAC6DA7A4B6}.Debug|Any CPU.ActiveCfg = Debug|Any CPU
		{1874BF1F-29C3-4B84-BFB1-5DAC6DA7A4B6}.Debug|Any CPU.Build.0 = Debug|Any CPU
		{1874BF1F-29C3-4B84-BFB1-5DAC6DA7A4B6}.Release|Any CPU.ActiveCfg = Release|Any CPU
		{1874BF1F-29C3-4B84-BFB1-5DAC6DA7A4B6}.Release|Any CPU.Build.0 = Release|Any CPU
	EndGlobalSection
	GlobalSection(SolutionProperties) = preSolution
		HideSolutionNode = FALSE
	EndGlobalSection
	GlobalSection(NestedProjects) = preSolution
		{B64058C8-5729-45D9-BDD9-93A7E1660721} = {77DC2062-6AE1-4B88-9CC0-6380A80F33AD}
		{A82FCAB3-8B89-45C0-8280-6629ABC7FC7A} = {77DC2062-6AE1-4B88-9CC0-6380A80F33AD}
		{0E140802-24DD-4465-A1DD-A9403A817455} = {77DC2062-6AE1-4B88-9CC0-6380A80F33AD}
		{FE96E356-4F31-49A4-B66D-F7476AD0DC2D} = {4F648D05-FF43-41B2-BF13-9DE2C8E8B35D}
		{4F648D05-FF43-41B2-BF13-9DE2C8E8B35D} = {77DC2062-6AE1-4B88-9CC0-6380A80F33AD}
		{E633E0DD-59B6-42AD-8A8B-3C3DC2D0E85B} = {D83CF127-D708-41FB-B16E-DCD4037CD46F}
		{1874BF1F-29C3-4B84-BFB1-5DAC6DA7A4B6} = {D83CF127-D708-41FB-B16E-DCD4037CD46F}
	EndGlobalSection
EndGlobal
